
Microsoft Visual Studio Solution File, Format Version 12.00
# Visual Studio Version 16
VisualStudioVersion = 16.0.30907.101
MinimumVisualStudioVersion = 10.0.40219.1
Project("{FAE04EC0-301F-11D3-BF4B-00C04F79EFBC}") = "DetectPangram", "DetectPangram.csproj", "{751F8ADC-5D80-481C-8299-73941007975C}"
EndProject
Global
	GlobalSection(SolutionConfigurationPlatforms) = preSolution
		Debug|Any CPU = Debug|Any CPU
		Release|Any CPU = Release|Any CPU
	EndGlobalSection
	GlobalSection(ProjectConfigurationPlatforms) = postSolution
		{751F8ADC-5D80-481C-8299-73941007975C}.Debug|Any CPU.ActiveCfg = Debug|Any CPU
		{751F8ADC-5D80-481C-8299-73941007975C}.Debug|Any CPU.Build.0 = Debug|Any CPU
		{751F8ADC-5D80-481C-8299-73941007975C}.Release|Any CPU.ActiveCfg = Release|Any CPU
		{751F8ADC-5D80-481C-8299-73941007975C}.Release|Any CPU.Build.0 = Release|Any CPU
	EndGlobalSection
	GlobalSection(SolutionProperties) = preSolution
		HideSolutionNode = FALSE
	EndGlobalSection
	GlobalSection(ExtensibilityGlobals) = postSolution
		SolutionGuid = {5377B4D3-92A0-483A-AD2C-1287B6E3D0AE}
	EndGlobalSection
EndGlobal
