
Microsoft Visual Studio Solution File, Format Version 12.00
# Visual Studio Version 16
VisualStudioVersion = 16.0.30907.101
MinimumVisualStudioVersion = 10.0.40219.1
Project("{FAE04EC0-301F-11D3-BF4B-00C04F79EFBC}") = "ReplaceWithAlphaberPosition", "ReplaceWithAlphaberPosition.csproj", "{AEC3B9AA-6323-4FB4-81CD-D1610241E069}"
EndProject
Global
	GlobalSection(SolutionConfigurationPlatforms) = preSolution
		Debug|Any CPU = Debug|Any CPU
		Release|Any CPU = Release|Any CPU
	EndGlobalSection
	GlobalSection(ProjectConfigurationPlatforms) = postSolution
		{AEC3B9AA-6323-4FB4-81CD-D1610241E069}.Debug|Any CPU.ActiveCfg = Debug|Any CPU
		{AEC3B9AA-6323-4FB4-81CD-D1610241E069}.Debug|Any CPU.Build.0 = Debug|Any CPU
		{AEC3B9AA-6323-4FB4-81CD-D1610241E069}.Release|Any CPU.ActiveCfg = Release|Any CPU
		{AEC3B9AA-6323-4FB4-81CD-D1610241E069}.Release|Any CPU.Build.0 = Release|Any CPU
	EndGlobalSection
	GlobalSection(SolutionProperties) = preSolution
		HideSolutionNode = FALSE
	EndGlobalSection
	GlobalSection(ExtensibilityGlobals) = postSolution
		SolutionGuid = {1C43C438-8585-4255-B0F9-6EF0BE66CCC9}
	EndGlobalSection
EndGlobal
